
Microsoft Visual Studio Solution File, Format Version 12.00
# Visual Studio Version 16
VisualStudioVersion = 16.0.29519.181
MinimumVisualStudioVersion = 10.0.40219.1
Project("{FAE04EC0-301F-11D3-BF4B-00C04F79EFBC}") = "VSTSProject", "VSTSProject\VSTSProject.csproj", "{B0B7F31D-6162-420F-8FBF-CD6E1B43D77A}"
EndProject
Global
	GlobalSection(SolutionConfigurationPlatforms) = preSolution
		Debug|Any CPU = Debug|Any CPU
		Release|Any CPU = Release|Any CPU
	EndGlobalSection
	GlobalSection(ProjectConfigurationPlatforms) = postSolution
		{B0B7F31D-6162-420F-8FBF-CD6E1B43D77A}.Debug|Any CPU.ActiveCfg = Debug|Any CPU
		{B0B7F31D-6162-420F-8FBF-CD6E1B43D77A}.Debug|Any CPU.Build.0 = Debug|Any CPU
		{B0B7F31D-6162-420F-8FBF-CD6E1B43D77A}.Release|Any CPU.ActiveCfg = Release|Any CPU
		{B0B7F31D-6162-420F-8FBF-CD6E1B43D77A}.Release|Any CPU.Build.0 = Release|Any CPU
	EndGlobalSection
	GlobalSection(SolutionProperties) = preSolution
		HideSolutionNode = FALSE
	EndGlobalSection
	GlobalSection(ExtensibilityGlobals) = postSolution
		SolutionGuid = {E1E0881C-48D8-4DCA-A831-D69642DA7CC4}
	EndGlobalSection
EndGlobal
